
Microsoft Visual Studio Solution File, Format Version 12.00
# Visual Studio Version 17
VisualStudioVersion = 17.5.33516.290
MinimumVisualStudioVersion = 10.0.40219.1
Project("{9A19103F-16F7-4668-BE54-9A1E7A4F7556}") = "PowerPlantsSolution", "PowerPlantsSolution\PowerPlantsSolution.csproj", "{3206115E-0B49-44F2-9621-CE806A121663}"
EndProject
Project("{FAE04EC0-301F-11D3-BF4B-00C04F79EFBC}") = "PowerPlant.Tests", "PowerPlant.Tests\PowerPlant.Tests.csproj", "{38438E4D-E38C-4DD0-BB90-C032C10E051E}"
EndProject
Project("{2150E333-8FDC-42A3-9474-1A3956D46DE8}") = "Solution Items", "Solution Items", "{FF6B9B15-C058-468E-93CD-0C64D926F083}"
	ProjectSection(SolutionItems) = preProject
		README.md = README.md
	EndProjectSection
EndProject
Global
	GlobalSection(SolutionConfigurationPlatforms) = preSolution
		Debug|Any CPU = Debug|Any CPU
		Release|Any CPU = Release|Any CPU
	EndGlobalSection
	GlobalSection(ProjectConfigurationPlatforms) = postSolution
		{3206115E-0B49-44F2-9621-CE806A121663}.Debug|Any CPU.ActiveCfg = Debug|Any CPU
		{3206115E-0B49-44F2-9621-CE806A121663}.Debug|Any CPU.Build.0 = Debug|Any CPU
		{3206115E-0B49-44F2-9621-CE806A121663}.Release|Any CPU.ActiveCfg = Release|Any CPU
		{3206115E-0B49-44F2-9621-CE806A121663}.Release|Any CPU.Build.0 = Release|Any CPU
		{38438E4D-E38C-4DD0-BB90-C032C10E051E}.Debug|Any CPU.ActiveCfg = Debug|Any CPU
		{38438E4D-E38C-4DD0-BB90-C032C10E051E}.Debug|Any CPU.Build.0 = Debug|Any CPU
		{38438E4D-E38C-4DD0-BB90-C032C10E051E}.Release|Any CPU.ActiveCfg = Release|Any CPU
		{38438E4D-E38C-4DD0-BB90-C032C10E051E}.Release|Any CPU.Build.0 = Release|Any CPU
	EndGlobalSection
	GlobalSection(SolutionProperties) = preSolution
		HideSolutionNode = FALSE
	EndGlobalSection
	GlobalSection(ExtensibilityGlobals) = postSolution
		SolutionGuid = {C51BA6CD-8861-4C84-9E6A-DE39E3CDAFE6}
	EndGlobalSection
EndGlobal
